
Microsoft Visual Studio Solution File, Format Version 12.00
# Visual Studio Version 17
VisualStudioVersion = 17.11.35431.28
MinimumVisualStudioVersion = 10.0.40219.1
Project("{9A19103F-16F7-4668-BE54-9A1E7A4F7556}") = "DTO", "DTO\DTO.csproj", "{0FDC64D6-8422-42E3-8445-2103E4297172}"
EndProject
Project("{9A19103F-16F7-4668-BE54-9A1E7A4F7556}") = "DAL", "DAL\DAL.csproj", "{54F5F733-E614-4A1E-B3E4-F3D5CBF7D07A}"
EndProject
Project("{9A19103F-16F7-4668-BE54-9A1E7A4F7556}") = "BLL", "BLL\BLL.csproj", "{39B892F8-89D8-402F-AF0A-0568DC4A27BD}"
EndProject
Project("{9A19103F-16F7-4668-BE54-9A1E7A4F7556}") = "GUI_Admin", "GUI-Admin\GUI_Admin.csproj", "{4CE3447E-0A58-414D-895E-67BB81DA7031}"
EndProject
Project("{9A19103F-16F7-4668-BE54-9A1E7A4F7556}") = "GUI_Employee", "GUI-Employee\GUI_Employee.csproj", "{4AC693D4-6E4B-42A7-B382-A20B61DA9DA7}"
EndProject
Global
	GlobalSection(SolutionConfigurationPlatforms) = preSolution
		Debug|Any CPU = Debug|Any CPU
		Release|Any CPU = Release|Any CPU
	EndGlobalSection
	GlobalSection(ProjectConfigurationPlatforms) = postSolution
		{0FDC64D6-8422-42E3-8445-2103E4297172}.Debug|Any CPU.ActiveCfg = Debug|Any CPU
		{0FDC64D6-8422-42E3-8445-2103E4297172}.Debug|Any CPU.Build.0 = Debug|Any CPU
		{0FDC64D6-8422-42E3-8445-2103E4297172}.Release|Any CPU.ActiveCfg = Release|Any CPU
		{0FDC64D6-8422-42E3-8445-2103E4297172}.Release|Any CPU.Build.0 = Release|Any CPU
		{54F5F733-E614-4A1E-B3E4-F3D5CBF7D07A}.Debug|Any CPU.ActiveCfg = Debug|Any CPU
		{54F5F733-E614-4A1E-B3E4-F3D5CBF7D07A}.Debug|Any CPU.Build.0 = Debug|Any CPU
		{54F5F733-E614-4A1E-B3E4-F3D5CBF7D07A}.Release|Any CPU.ActiveCfg = Release|Any CPU
		{54F5F733-E614-4A1E-B3E4-F3D5CBF7D07A}.Release|Any CPU.Build.0 = Release|Any CPU
		{39B892F8-89D8-402F-AF0A-0568DC4A27BD}.Debug|Any CPU.ActiveCfg = Debug|Any CPU
		{39B892F8-89D8-402F-AF0A-0568DC4A27BD}.Debug|Any CPU.Build.0 = Debug|Any CPU
		{39B892F8-89D8-402F-AF0A-0568DC4A27BD}.Release|Any CPU.ActiveCfg = Release|Any CPU
		{39B892F8-89D8-402F-AF0A-0568DC4A27BD}.Release|Any CPU.Build.0 = Release|Any CPU
		{4CE3447E-0A58-414D-895E-67BB81DA7031}.Debug|Any CPU.ActiveCfg = Debug|Any CPU
		{4CE3447E-0A58-414D-895E-67BB81DA7031}.Debug|Any CPU.Build.0 = Debug|Any CPU
		{4CE3447E-0A58-414D-895E-67BB81DA7031}.Debug|Any CPU.Deploy.0 = Debug|Any CPU
		{4CE3447E-0A58-414D-895E-67BB81DA7031}.Release|Any CPU.ActiveCfg = Release|Any CPU
		{4CE3447E-0A58-414D-895E-67BB81DA7031}.Release|Any CPU.Build.0 = Release|Any CPU
		{4AC693D4-6E4B-42A7-B382-A20B61DA9DA7}.Debug|Any CPU.ActiveCfg = Debug|Any CPU
		{4AC693D4-6E4B-42A7-B382-A20B61DA9DA7}.Debug|Any CPU.Build.0 = Debug|Any CPU
		{4AC693D4-6E4B-42A7-B382-A20B61DA9DA7}.Release|Any CPU.ActiveCfg = Release|Any CPU
		{4AC693D4-6E4B-42A7-B382-A20B61DA9DA7}.Release|Any CPU.Build.0 = Release|Any CPU
	EndGlobalSection
	GlobalSection(SolutionProperties) = preSolution
		HideSolutionNode = FALSE
	EndGlobalSection
	GlobalSection(ExtensibilityGlobals) = postSolution
		SolutionGuid = {54FB4034-94F4-4B8C-AF6D-EAF0C1D7B438}
	EndGlobalSection
EndGlobal
